
Microsoft Visual Studio Solution File, Format Version 12.00
# Visual Studio Version 17
VisualStudioVersion = 17.11.35222.181
MinimumVisualStudioVersion = 10.0.40219.1
Project("{9A19103F-16F7-4668-BE54-9A1E7A4F7556}") = "ClassLibrary", "ClassLibrary\ClassLibrary.csproj", "{6A33B1A6-CD1D-437E-A44A-49216917FA39}"
EndProject
Project("{9A19103F-16F7-4668-BE54-9A1E7A4F7556}") = "Calculator", "Calculator\Calculator.csproj", "{D842FE30-A2B2-47AB-A580-300724C69D86}"
EndProject
Project("{9A19103F-16F7-4668-BE54-9A1E7A4F7556}") = "UserDataForm", "UserDataForm\UserDataForm.csproj", "{0BAF66AF-787E-4D31-BD8F-F05A688DF117}"
EndProject
Global
	GlobalSection(SolutionConfigurationPlatforms) = preSolution
		Debug|Any CPU = Debug|Any CPU
		Release|Any CPU = Release|Any CPU
	EndGlobalSection
	GlobalSection(ProjectConfigurationPlatforms) = postSolution
		{6A33B1A6-CD1D-437E-A44A-49216917FA39}.Debug|Any CPU.ActiveCfg = Debug|Any CPU
		{6A33B1A6-CD1D-437E-A44A-49216917FA39}.Debug|Any CPU.Build.0 = Debug|Any CPU
		{6A33B1A6-CD1D-437E-A44A-49216917FA39}.Release|Any CPU.ActiveCfg = Release|Any CPU
		{6A33B1A6-CD1D-437E-A44A-49216917FA39}.Release|Any CPU.Build.0 = Release|Any CPU
		{D842FE30-A2B2-47AB-A580-300724C69D86}.Debug|Any CPU.ActiveCfg = Debug|Any CPU
		{D842FE30-A2B2-47AB-A580-300724C69D86}.Debug|Any CPU.Build.0 = Debug|Any CPU
		{D842FE30-A2B2-47AB-A580-300724C69D86}.Release|Any CPU.ActiveCfg = Release|Any CPU
		{D842FE30-A2B2-47AB-A580-300724C69D86}.Release|Any CPU.Build.0 = Release|Any CPU
		{0BAF66AF-787E-4D31-BD8F-F05A688DF117}.Debug|Any CPU.ActiveCfg = Debug|Any CPU
		{0BAF66AF-787E-4D31-BD8F-F05A688DF117}.Debug|Any CPU.Build.0 = Debug|Any CPU
		{0BAF66AF-787E-4D31-BD8F-F05A688DF117}.Release|Any CPU.ActiveCfg = Release|Any CPU
		{0BAF66AF-787E-4D31-BD8F-F05A688DF117}.Release|Any CPU.Build.0 = Release|Any CPU
	EndGlobalSection
	GlobalSection(SolutionProperties) = preSolution
		HideSolutionNode = FALSE
	EndGlobalSection
	GlobalSection(ExtensibilityGlobals) = postSolution
		SolutionGuid = {3BB8F173-E26C-4439-9248-F8D1E59E1B09}
	EndGlobalSection
EndGlobal
